
Microsoft Visual Studio Solution File, Format Version 12.00
# Visual Studio Version 17
VisualStudioVersion = 17.4.33205.214
MinimumVisualStudioVersion = 10.0.40219.1
Project("{9A19103F-16F7-4668-BE54-9A1E7A4F7556}") = "APITaxas", "APITaxas\APITaxas.csproj", "{791274AB-7A09-4D88-A0F1-77117F8BA464}"
EndProject
Project("{9A19103F-16F7-4668-BE54-9A1E7A4F7556}") = "APICalculo", "APICalculo\APICalculo.csproj", "{2E5F1828-AC6A-4B92-9214-A9AD227EC4D0}"
EndProject
Global
	GlobalSection(SolutionConfigurationPlatforms) = preSolution
		Debug|Any CPU = Debug|Any CPU
		Release|Any CPU = Release|Any CPU
	EndGlobalSection
	GlobalSection(ProjectConfigurationPlatforms) = postSolution
		{791274AB-7A09-4D88-A0F1-77117F8BA464}.Debug|Any CPU.ActiveCfg = Debug|Any CPU
		{791274AB-7A09-4D88-A0F1-77117F8BA464}.Debug|Any CPU.Build.0 = Debug|Any CPU
		{791274AB-7A09-4D88-A0F1-77117F8BA464}.Release|Any CPU.ActiveCfg = Release|Any CPU
		{791274AB-7A09-4D88-A0F1-77117F8BA464}.Release|Any CPU.Build.0 = Release|Any CPU
		{2E5F1828-AC6A-4B92-9214-A9AD227EC4D0}.Debug|Any CPU.ActiveCfg = Debug|Any CPU
		{2E5F1828-AC6A-4B92-9214-A9AD227EC4D0}.Debug|Any CPU.Build.0 = Debug|Any CPU
		{2E5F1828-AC6A-4B92-9214-A9AD227EC4D0}.Release|Any CPU.ActiveCfg = Release|Any CPU
		{2E5F1828-AC6A-4B92-9214-A9AD227EC4D0}.Release|Any CPU.Build.0 = Release|Any CPU
	EndGlobalSection
	GlobalSection(SolutionProperties) = preSolution
		HideSolutionNode = FALSE
	EndGlobalSection
	GlobalSection(ExtensibilityGlobals) = postSolution
		SolutionGuid = {17A19D1C-7CE0-4546-BB35-32532A466809}
	EndGlobalSection
EndGlobal
